
Microsoft Visual Studio Solution File, Format Version 12.00
# Visual Studio Version 16
VisualStudioVersion = 16.0.31402.337
MinimumVisualStudioVersion = 10.0.40219.1
Project("{8BC9CEB8-8B4A-11D0-8D11-00A0C91BC942}") = "ExtractChipInfo", "ExtractChipInfo\ExtractChipInfo.vcxproj", "{9449CD24-C5D5-5A4B-B4C9-CDF23F101D0E}"
EndProject
Project("{888888A0-9F3D-457C-B088-3A5042F75D52}") = "ExtractChipInfo_py", "ExtractChipInfo_py\ExtractChipInfo_py.pyproj", "{69CF2010-581A-4A64-93D4-A3297F49D446}"
EndProject
Project("{8BC9CEB8-8B4A-11D0-8D11-00A0C91BC942}") = "bmt", "bmt\bmt.vcxproj", "{B44D92A0-4C09-4679-9ACB-30787AA621A6}"
EndProject
Global
	GlobalSection(SolutionConfigurationPlatforms) = preSolution
		Debug|Any CPU = Debug|Any CPU
		Debug|VisualGDB = Debug|VisualGDB
		Debug|x64 = Debug|x64
		Debug|x86 = Debug|x86
		Release|Any CPU = Release|Any CPU
		Release|VisualGDB = Release|VisualGDB
		Release|x64 = Release|x64
		Release|x86 = Release|x86
	EndGlobalSection
	GlobalSection(ProjectConfigurationPlatforms) = postSolution
		{9449CD24-C5D5-5A4B-B4C9-CDF23F101D0E}.Debug|Any CPU.ActiveCfg = Debug|Win32
		{9449CD24-C5D5-5A4B-B4C9-CDF23F101D0E}.Debug|VisualGDB.ActiveCfg = Debug|Win32
		{9449CD24-C5D5-5A4B-B4C9-CDF23F101D0E}.Debug|x64.ActiveCfg = Debug|Win32
		{9449CD24-C5D5-5A4B-B4C9-CDF23F101D0E}.Debug|x86.ActiveCfg = Debug|Win32
		{9449CD24-C5D5-5A4B-B4C9-CDF23F101D0E}.Debug|x86.Build.0 = Debug|Win32
		{9449CD24-C5D5-5A4B-B4C9-CDF23F101D0E}.Release|Any CPU.ActiveCfg = Release|Win32
		{9449CD24-C5D5-5A4B-B4C9-CDF23F101D0E}.Release|VisualGDB.ActiveCfg = Release|Win32
		{9449CD24-C5D5-5A4B-B4C9-CDF23F101D0E}.Release|x64.ActiveCfg = Release|Win32
		{9449CD24-C5D5-5A4B-B4C9-CDF23F101D0E}.Release|x86.ActiveCfg = Release|Win32
		{9449CD24-C5D5-5A4B-B4C9-CDF23F101D0E}.Release|x86.Build.0 = Release|Win32
		{69CF2010-581A-4A64-93D4-A3297F49D446}.Debug|Any CPU.ActiveCfg = Debug|Any CPU
		{69CF2010-581A-4A64-93D4-A3297F49D446}.Debug|VisualGDB.ActiveCfg = Debug|Any CPU
		{69CF2010-581A-4A64-93D4-A3297F49D446}.Debug|x64.ActiveCfg = Debug|Any CPU
		{69CF2010-581A-4A64-93D4-A3297F49D446}.Debug|x86.ActiveCfg = Debug|Any CPU
		{69CF2010-581A-4A64-93D4-A3297F49D446}.Release|Any CPU.ActiveCfg = Release|Any CPU
		{69CF2010-581A-4A64-93D4-A3297F49D446}.Release|VisualGDB.ActiveCfg = Release|Any CPU
		{69CF2010-581A-4A64-93D4-A3297F49D446}.Release|x64.ActiveCfg = Release|Any CPU
		{69CF2010-581A-4A64-93D4-A3297F49D446}.Release|x86.ActiveCfg = Release|Any CPU
		{B44D92A0-4C09-4679-9ACB-30787AA621A6}.Debug|Any CPU.ActiveCfg = Debug|VisualGDB
		{B44D92A0-4C09-4679-9ACB-30787AA621A6}.Debug|VisualGDB.ActiveCfg = Debug|VisualGDB
		{B44D92A0-4C09-4679-9ACB-30787AA621A6}.Debug|VisualGDB.Build.0 = Debug|VisualGDB
		{B44D92A0-4C09-4679-9ACB-30787AA621A6}.Debug|x64.ActiveCfg = Debug|VisualGDB
		{B44D92A0-4C09-4679-9ACB-30787AA621A6}.Debug|x86.ActiveCfg = Debug|VisualGDB
		{B44D92A0-4C09-4679-9ACB-30787AA621A6}.Release|Any CPU.ActiveCfg = Release|VisualGDB
		{B44D92A0-4C09-4679-9ACB-30787AA621A6}.Release|VisualGDB.ActiveCfg = Release|VisualGDB
		{B44D92A0-4C09-4679-9ACB-30787AA621A6}.Release|VisualGDB.Build.0 = Release|VisualGDB
		{B44D92A0-4C09-4679-9ACB-30787AA621A6}.Release|x64.ActiveCfg = Release|VisualGDB
		{B44D92A0-4C09-4679-9ACB-30787AA621A6}.Release|x86.ActiveCfg = Release|VisualGDB
	EndGlobalSection
	GlobalSection(SolutionProperties) = preSolution
		HideSolutionNode = FALSE
	EndGlobalSection
	GlobalSection(ExtensibilityGlobals) = postSolution
		SolutionGuid = {1B2F583D-D9B6-4EB8-B17E-43CAFD812516}
	EndGlobalSection
EndGlobal
