
Microsoft Visual Studio Solution File, Format Version 12.00
# Visual Studio Version 17
VisualStudioVersion = 17.2.32602.215
MinimumVisualStudioVersion = 10.0.40219.1
Project("{8BC9CEB8-8B4A-11D0-8D11-00A0C91BC942}") = "ExtractChipInfo", "ChipInfo\ExtractChipInfo\ExtractChipInfo.vcxproj", "{9449CD24-C5D5-5A4B-B4C9-CDF23F101D0E}"
EndProject
Project("{8BC9CEB8-8B4A-11D0-8D11-00A0C91BC942}") = "bmt", "bmt\bmt.vcxproj", "{B44D92A0-4C09-4679-9ACB-30787AA621A6}"
EndProject
Project("{8BC9CEB8-8B4A-11D0-8D11-00A0C91BC942}") = "GDB430", "GDB430\GDB430.vcxproj", "{475C42CC-B6E6-4807-8AF8-53FD2EED237D}"
	ProjectSection(ProjectDependencies) = postProject
		{5F98BF9E-A628-4771-8AD1-DB9D040D3A8E} = {5F98BF9E-A628-4771-8AD1-DB9D040D3A8E}
		{B44D92A0-4C09-4679-9ACB-30787AA621A6} = {B44D92A0-4C09-4679-9ACB-30787AA621A6}
	EndProjectSection
EndProject
Project("{8BC9CEB8-8B4A-11D0-8D11-00A0C91BC942}") = "EraseXv2", "Funclets\EraseXv2\EraseXv2.vcxproj", "{5F98BF9E-A628-4771-8AD1-DB9D040D3A8E}"
EndProject
Project("{9A19103F-16F7-4668-BE54-9A1E7A4F7556}") = "ScrapeDataSheet", "ChipInfo\ScrapeDataSheet\ScrapeDataSheet.csproj", "{BDCCD7BE-48E2-4952-912C-36CC91E528DF}"
EndProject
Project("{9A19103F-16F7-4668-BE54-9A1E7A4F7556}") = "ImportDB", "ChipInfo\ImportDB\ImportDB.csproj", "{F7DD67D4-145B-48C8-8298-35339C3B13CE}"
EndProject
Project("{9A19103F-16F7-4668-BE54-9A1E7A4F7556}") = "MkChipInfoDbV2", "ChipInfo\MkChipInfoDbV2\MkChipInfoDbV2.csproj", "{CFD9FEAC-A9A2-49E3-911E-B785F56DB9C4}"
EndProject
Project("{9A19103F-16F7-4668-BE54-9A1E7A4F7556}") = "UnitTest", "UnitTest\UnitTest.csproj", "{29A236A9-7C3F-4080-8A86-502CED96E67F}"
	ProjectSection(ProjectDependencies) = postProject
		{C7140E12-80C0-44FC-970D-31E32DD9360C} = {C7140E12-80C0-44FC-970D-31E32DD9360C}
	EndProjectSection
EndProject
Project("{8BC9CEB8-8B4A-11D0-8D11-00A0C91BC942}") = "WriteFlashXv2", "Funclets\WriteFlashXv2\WriteFlashXv2.vcxproj", "{4B892756-B79C-43B1-9F35-C9385F629DFA}"
EndProject
Project("{2150E333-8FDC-42A3-9474-1A3956D46DE8}") = "Funclets", "Funclets", "{F3D7115E-9D7A-4742-910C-A2387D7CB066}"
EndProject
Project("{2150E333-8FDC-42A3-9474-1A3956D46DE8}") = "ChipInfo", "ChipInfo", "{CC289E3A-06A6-4AAC-B7DC-CF19FAF3AD95}"
EndProject
Project("{2150E333-8FDC-42A3-9474-1A3956D46DE8}") = "Solution Items", "Solution Items", "{01EA3C29-3D6F-4EE3-9D7E-CCEAE1F4F4AA}"
EndProject
Project("{8BC9CEB8-8B4A-11D0-8D11-00A0C91BC942}") = "LoadRegs", "TestFunclets\LoadRegs\LoadRegs.vcxproj", "{C7140E12-80C0-44FC-970D-31E32DD9360C}"
EndProject
Project("{2150E333-8FDC-42A3-9474-1A3956D46DE8}") = "TestFunclets", "TestFunclets", "{745A3620-7B58-449E-A3F7-9FA99646372C}"
EndProject
Global
	GlobalSection(SolutionConfigurationPlatforms) = preSolution
		Debug|Any CPU = Debug|Any CPU
		Debug|VisualGDB = Debug|VisualGDB
		Debug|x86 = Debug|x86
		DebugV1|Any CPU = DebugV1|Any CPU
		DebugV1|VisualGDB = DebugV1|VisualGDB
		DebugV1|x86 = DebugV1|x86
		Release|Any CPU = Release|Any CPU
		Release|VisualGDB = Release|VisualGDB
		Release|x86 = Release|x86
	EndGlobalSection
	GlobalSection(ProjectConfigurationPlatforms) = postSolution
		{9449CD24-C5D5-5A4B-B4C9-CDF23F101D0E}.Debug|Any CPU.ActiveCfg = Debug|Win32
		{9449CD24-C5D5-5A4B-B4C9-CDF23F101D0E}.Debug|Any CPU.Build.0 = Debug|Win32
		{9449CD24-C5D5-5A4B-B4C9-CDF23F101D0E}.Debug|VisualGDB.ActiveCfg = Debug|Win32
		{9449CD24-C5D5-5A4B-B4C9-CDF23F101D0E}.Debug|VisualGDB.Build.0 = Debug|Win32
		{9449CD24-C5D5-5A4B-B4C9-CDF23F101D0E}.Debug|x86.ActiveCfg = Debug|Win32
		{9449CD24-C5D5-5A4B-B4C9-CDF23F101D0E}.Debug|x86.Build.0 = Debug|Win32
		{9449CD24-C5D5-5A4B-B4C9-CDF23F101D0E}.DebugV1|Any CPU.ActiveCfg = Debug|Win32
		{9449CD24-C5D5-5A4B-B4C9-CDF23F101D0E}.DebugV1|Any CPU.Build.0 = Debug|Win32
		{9449CD24-C5D5-5A4B-B4C9-CDF23F101D0E}.DebugV1|VisualGDB.ActiveCfg = Debug|Win32
		{9449CD24-C5D5-5A4B-B4C9-CDF23F101D0E}.DebugV1|VisualGDB.Build.0 = Debug|Win32
		{9449CD24-C5D5-5A4B-B4C9-CDF23F101D0E}.DebugV1|x86.ActiveCfg = Debug|Win32
		{9449CD24-C5D5-5A4B-B4C9-CDF23F101D0E}.DebugV1|x86.Build.0 = Debug|Win32
		{9449CD24-C5D5-5A4B-B4C9-CDF23F101D0E}.Release|Any CPU.ActiveCfg = Release|Win32
		{9449CD24-C5D5-5A4B-B4C9-CDF23F101D0E}.Release|Any CPU.Build.0 = Release|Win32
		{9449CD24-C5D5-5A4B-B4C9-CDF23F101D0E}.Release|VisualGDB.ActiveCfg = Release|Win32
		{9449CD24-C5D5-5A4B-B4C9-CDF23F101D0E}.Release|VisualGDB.Build.0 = Release|Win32
		{9449CD24-C5D5-5A4B-B4C9-CDF23F101D0E}.Release|x86.ActiveCfg = Release|Win32
		{9449CD24-C5D5-5A4B-B4C9-CDF23F101D0E}.Release|x86.Build.0 = Release|Win32
		{B44D92A0-4C09-4679-9ACB-30787AA621A6}.Debug|Any CPU.ActiveCfg = Debug|VisualGDB
		{B44D92A0-4C09-4679-9ACB-30787AA621A6}.Debug|Any CPU.Build.0 = Debug|VisualGDB
		{B44D92A0-4C09-4679-9ACB-30787AA621A6}.Debug|VisualGDB.ActiveCfg = Debug|VisualGDB
		{B44D92A0-4C09-4679-9ACB-30787AA621A6}.Debug|VisualGDB.Build.0 = Debug|VisualGDB
		{B44D92A0-4C09-4679-9ACB-30787AA621A6}.Debug|x86.ActiveCfg = Debug|VisualGDB
		{B44D92A0-4C09-4679-9ACB-30787AA621A6}.Debug|x86.Build.0 = Debug|VisualGDB
		{B44D92A0-4C09-4679-9ACB-30787AA621A6}.DebugV1|Any CPU.ActiveCfg = Debug|VisualGDB
		{B44D92A0-4C09-4679-9ACB-30787AA621A6}.DebugV1|Any CPU.Build.0 = Debug|VisualGDB
		{B44D92A0-4C09-4679-9ACB-30787AA621A6}.DebugV1|VisualGDB.ActiveCfg = Debug|VisualGDB
		{B44D92A0-4C09-4679-9ACB-30787AA621A6}.DebugV1|VisualGDB.Build.0 = Debug|VisualGDB
		{B44D92A0-4C09-4679-9ACB-30787AA621A6}.DebugV1|x86.ActiveCfg = Debug|VisualGDB
		{B44D92A0-4C09-4679-9ACB-30787AA621A6}.DebugV1|x86.Build.0 = Debug|VisualGDB
		{B44D92A0-4C09-4679-9ACB-30787AA621A6}.Release|Any CPU.ActiveCfg = Release|VisualGDB
		{B44D92A0-4C09-4679-9ACB-30787AA621A6}.Release|Any CPU.Build.0 = Release|VisualGDB
		{B44D92A0-4C09-4679-9ACB-30787AA621A6}.Release|VisualGDB.ActiveCfg = Release|VisualGDB
		{B44D92A0-4C09-4679-9ACB-30787AA621A6}.Release|VisualGDB.Build.0 = Release|VisualGDB
		{B44D92A0-4C09-4679-9ACB-30787AA621A6}.Release|x86.ActiveCfg = Release|VisualGDB
		{B44D92A0-4C09-4679-9ACB-30787AA621A6}.Release|x86.Build.0 = Release|VisualGDB
		{475C42CC-B6E6-4807-8AF8-53FD2EED237D}.Debug|Any CPU.ActiveCfg = Debug|VisualGDB
		{475C42CC-B6E6-4807-8AF8-53FD2EED237D}.Debug|Any CPU.Build.0 = Debug|VisualGDB
		{475C42CC-B6E6-4807-8AF8-53FD2EED237D}.Debug|VisualGDB.ActiveCfg = Debug|VisualGDB
		{475C42CC-B6E6-4807-8AF8-53FD2EED237D}.Debug|VisualGDB.Build.0 = Debug|VisualGDB
		{475C42CC-B6E6-4807-8AF8-53FD2EED237D}.Debug|x86.ActiveCfg = Debug|VisualGDB
		{475C42CC-B6E6-4807-8AF8-53FD2EED237D}.Debug|x86.Build.0 = Debug|VisualGDB
		{475C42CC-B6E6-4807-8AF8-53FD2EED237D}.DebugV1|Any CPU.ActiveCfg = DebugV1|VisualGDB
		{475C42CC-B6E6-4807-8AF8-53FD2EED237D}.DebugV1|Any CPU.Build.0 = DebugV1|VisualGDB
		{475C42CC-B6E6-4807-8AF8-53FD2EED237D}.DebugV1|VisualGDB.ActiveCfg = DebugV1|VisualGDB
		{475C42CC-B6E6-4807-8AF8-53FD2EED237D}.DebugV1|VisualGDB.Build.0 = DebugV1|VisualGDB
		{475C42CC-B6E6-4807-8AF8-53FD2EED237D}.DebugV1|x86.ActiveCfg = DebugV1|VisualGDB
		{475C42CC-B6E6-4807-8AF8-53FD2EED237D}.DebugV1|x86.Build.0 = DebugV1|VisualGDB
		{475C42CC-B6E6-4807-8AF8-53FD2EED237D}.Release|Any CPU.ActiveCfg = Release|VisualGDB
		{475C42CC-B6E6-4807-8AF8-53FD2EED237D}.Release|Any CPU.Build.0 = Release|VisualGDB
		{475C42CC-B6E6-4807-8AF8-53FD2EED237D}.Release|VisualGDB.ActiveCfg = Release|VisualGDB
		{475C42CC-B6E6-4807-8AF8-53FD2EED237D}.Release|VisualGDB.Build.0 = Release|VisualGDB
		{475C42CC-B6E6-4807-8AF8-53FD2EED237D}.Release|x86.ActiveCfg = Release|VisualGDB
		{475C42CC-B6E6-4807-8AF8-53FD2EED237D}.Release|x86.Build.0 = Release|VisualGDB
		{5F98BF9E-A628-4771-8AD1-DB9D040D3A8E}.Debug|Any CPU.ActiveCfg = Release|VisualGDB
		{5F98BF9E-A628-4771-8AD1-DB9D040D3A8E}.Debug|Any CPU.Build.0 = Release|VisualGDB
		{5F98BF9E-A628-4771-8AD1-DB9D040D3A8E}.Debug|VisualGDB.ActiveCfg = Release|VisualGDB
		{5F98BF9E-A628-4771-8AD1-DB9D040D3A8E}.Debug|VisualGDB.Build.0 = Release|VisualGDB
		{5F98BF9E-A628-4771-8AD1-DB9D040D3A8E}.Debug|x86.ActiveCfg = Release|VisualGDB
		{5F98BF9E-A628-4771-8AD1-DB9D040D3A8E}.Debug|x86.Build.0 = Release|VisualGDB
		{5F98BF9E-A628-4771-8AD1-DB9D040D3A8E}.DebugV1|Any CPU.ActiveCfg = Release|VisualGDB
		{5F98BF9E-A628-4771-8AD1-DB9D040D3A8E}.DebugV1|Any CPU.Build.0 = Release|VisualGDB
		{5F98BF9E-A628-4771-8AD1-DB9D040D3A8E}.DebugV1|VisualGDB.ActiveCfg = Release|VisualGDB
		{5F98BF9E-A628-4771-8AD1-DB9D040D3A8E}.DebugV1|VisualGDB.Build.0 = Release|VisualGDB
		{5F98BF9E-A628-4771-8AD1-DB9D040D3A8E}.DebugV1|x86.ActiveCfg = Release|VisualGDB
		{5F98BF9E-A628-4771-8AD1-DB9D040D3A8E}.DebugV1|x86.Build.0 = Release|VisualGDB
		{5F98BF9E-A628-4771-8AD1-DB9D040D3A8E}.Release|Any CPU.ActiveCfg = Release|VisualGDB
		{5F98BF9E-A628-4771-8AD1-DB9D040D3A8E}.Release|Any CPU.Build.0 = Release|VisualGDB
		{5F98BF9E-A628-4771-8AD1-DB9D040D3A8E}.Release|VisualGDB.ActiveCfg = Release|VisualGDB
		{5F98BF9E-A628-4771-8AD1-DB9D040D3A8E}.Release|VisualGDB.Build.0 = Release|VisualGDB
		{5F98BF9E-A628-4771-8AD1-DB9D040D3A8E}.Release|x86.ActiveCfg = Release|VisualGDB
		{5F98BF9E-A628-4771-8AD1-DB9D040D3A8E}.Release|x86.Build.0 = Release|VisualGDB
		{BDCCD7BE-48E2-4952-912C-36CC91E528DF}.Debug|Any CPU.ActiveCfg = Debug|Any CPU
		{BDCCD7BE-48E2-4952-912C-36CC91E528DF}.Debug|Any CPU.Build.0 = Debug|Any CPU
		{BDCCD7BE-48E2-4952-912C-36CC91E528DF}.Debug|VisualGDB.ActiveCfg = Debug|Any CPU
		{BDCCD7BE-48E2-4952-912C-36CC91E528DF}.Debug|VisualGDB.Build.0 = Debug|Any CPU
		{BDCCD7BE-48E2-4952-912C-36CC91E528DF}.Debug|x86.ActiveCfg = Debug|Any CPU
		{BDCCD7BE-48E2-4952-912C-36CC91E528DF}.Debug|x86.Build.0 = Debug|Any CPU
		{BDCCD7BE-48E2-4952-912C-36CC91E528DF}.DebugV1|Any CPU.ActiveCfg = Debug|Any CPU
		{BDCCD7BE-48E2-4952-912C-36CC91E528DF}.DebugV1|Any CPU.Build.0 = Debug|Any CPU
		{BDCCD7BE-48E2-4952-912C-36CC91E528DF}.DebugV1|VisualGDB.ActiveCfg = Debug|Any CPU
		{BDCCD7BE-48E2-4952-912C-36CC91E528DF}.DebugV1|VisualGDB.Build.0 = Debug|Any CPU
		{BDCCD7BE-48E2-4952-912C-36CC91E528DF}.DebugV1|x86.ActiveCfg = Debug|Any CPU
		{BDCCD7BE-48E2-4952-912C-36CC91E528DF}.DebugV1|x86.Build.0 = Debug|Any CPU
		{BDCCD7BE-48E2-4952-912C-36CC91E528DF}.Release|Any CPU.ActiveCfg = Release|Any CPU
		{BDCCD7BE-48E2-4952-912C-36CC91E528DF}.Release|Any CPU.Build.0 = Release|Any CPU
		{BDCCD7BE-48E2-4952-912C-36CC91E528DF}.Release|VisualGDB.ActiveCfg = Release|Any CPU
		{BDCCD7BE-48E2-4952-912C-36CC91E528DF}.Release|VisualGDB.Build.0 = Release|Any CPU
		{BDCCD7BE-48E2-4952-912C-36CC91E528DF}.Release|x86.ActiveCfg = Release|Any CPU
		{BDCCD7BE-48E2-4952-912C-36CC91E528DF}.Release|x86.Build.0 = Release|Any CPU
		{F7DD67D4-145B-48C8-8298-35339C3B13CE}.Debug|Any CPU.ActiveCfg = Debug|Any CPU
		{F7DD67D4-145B-48C8-8298-35339C3B13CE}.Debug|Any CPU.Build.0 = Debug|Any CPU
		{F7DD67D4-145B-48C8-8298-35339C3B13CE}.Debug|VisualGDB.ActiveCfg = Debug|Any CPU
		{F7DD67D4-145B-48C8-8298-35339C3B13CE}.Debug|VisualGDB.Build.0 = Debug|Any CPU
		{F7DD67D4-145B-48C8-8298-35339C3B13CE}.Debug|x86.ActiveCfg = Debug|Any CPU
		{F7DD67D4-145B-48C8-8298-35339C3B13CE}.Debug|x86.Build.0 = Debug|Any CPU
		{F7DD67D4-145B-48C8-8298-35339C3B13CE}.DebugV1|Any CPU.ActiveCfg = Debug|Any CPU
		{F7DD67D4-145B-48C8-8298-35339C3B13CE}.DebugV1|Any CPU.Build.0 = Debug|Any CPU
		{F7DD67D4-145B-48C8-8298-35339C3B13CE}.DebugV1|VisualGDB.ActiveCfg = Debug|Any CPU
		{F7DD67D4-145B-48C8-8298-35339C3B13CE}.DebugV1|VisualGDB.Build.0 = Debug|Any CPU
		{F7DD67D4-145B-48C8-8298-35339C3B13CE}.DebugV1|x86.ActiveCfg = Debug|Any CPU
		{F7DD67D4-145B-48C8-8298-35339C3B13CE}.DebugV1|x86.Build.0 = Debug|Any CPU
		{F7DD67D4-145B-48C8-8298-35339C3B13CE}.Release|Any CPU.ActiveCfg = Release|Any CPU
		{F7DD67D4-145B-48C8-8298-35339C3B13CE}.Release|Any CPU.Build.0 = Release|Any CPU
		{F7DD67D4-145B-48C8-8298-35339C3B13CE}.Release|VisualGDB.ActiveCfg = Release|Any CPU
		{F7DD67D4-145B-48C8-8298-35339C3B13CE}.Release|VisualGDB.Build.0 = Release|Any CPU
		{F7DD67D4-145B-48C8-8298-35339C3B13CE}.Release|x86.ActiveCfg = Release|Any CPU
		{F7DD67D4-145B-48C8-8298-35339C3B13CE}.Release|x86.Build.0 = Release|Any CPU
		{CFD9FEAC-A9A2-49E3-911E-B785F56DB9C4}.Debug|Any CPU.ActiveCfg = Debug|Any CPU
		{CFD9FEAC-A9A2-49E3-911E-B785F56DB9C4}.Debug|Any CPU.Build.0 = Debug|Any CPU
		{CFD9FEAC-A9A2-49E3-911E-B785F56DB9C4}.Debug|VisualGDB.ActiveCfg = Debug|Any CPU
		{CFD9FEAC-A9A2-49E3-911E-B785F56DB9C4}.Debug|VisualGDB.Build.0 = Debug|Any CPU
		{CFD9FEAC-A9A2-49E3-911E-B785F56DB9C4}.Debug|x86.ActiveCfg = Debug|Any CPU
		{CFD9FEAC-A9A2-49E3-911E-B785F56DB9C4}.Debug|x86.Build.0 = Debug|Any CPU
		{CFD9FEAC-A9A2-49E3-911E-B785F56DB9C4}.DebugV1|Any CPU.ActiveCfg = Debug|Any CPU
		{CFD9FEAC-A9A2-49E3-911E-B785F56DB9C4}.DebugV1|Any CPU.Build.0 = Debug|Any CPU
		{CFD9FEAC-A9A2-49E3-911E-B785F56DB9C4}.DebugV1|VisualGDB.ActiveCfg = Debug|Any CPU
		{CFD9FEAC-A9A2-49E3-911E-B785F56DB9C4}.DebugV1|VisualGDB.Build.0 = Debug|Any CPU
		{CFD9FEAC-A9A2-49E3-911E-B785F56DB9C4}.DebugV1|x86.ActiveCfg = Debug|Any CPU
		{CFD9FEAC-A9A2-49E3-911E-B785F56DB9C4}.DebugV1|x86.Build.0 = Debug|Any CPU
		{CFD9FEAC-A9A2-49E3-911E-B785F56DB9C4}.Release|Any CPU.ActiveCfg = Release|Any CPU
		{CFD9FEAC-A9A2-49E3-911E-B785F56DB9C4}.Release|Any CPU.Build.0 = Release|Any CPU
		{CFD9FEAC-A9A2-49E3-911E-B785F56DB9C4}.Release|VisualGDB.ActiveCfg = Release|Any CPU
		{CFD9FEAC-A9A2-49E3-911E-B785F56DB9C4}.Release|VisualGDB.Build.0 = Release|Any CPU
		{CFD9FEAC-A9A2-49E3-911E-B785F56DB9C4}.Release|x86.ActiveCfg = Release|Any CPU
		{CFD9FEAC-A9A2-49E3-911E-B785F56DB9C4}.Release|x86.Build.0 = Release|Any CPU
		{29A236A9-7C3F-4080-8A86-502CED96E67F}.Debug|Any CPU.ActiveCfg = Debug|Any CPU
		{29A236A9-7C3F-4080-8A86-502CED96E67F}.Debug|Any CPU.Build.0 = Debug|Any CPU
		{29A236A9-7C3F-4080-8A86-502CED96E67F}.Debug|VisualGDB.ActiveCfg = Debug|Any CPU
		{29A236A9-7C3F-4080-8A86-502CED96E67F}.Debug|VisualGDB.Build.0 = Debug|Any CPU
		{29A236A9-7C3F-4080-8A86-502CED96E67F}.Debug|x86.ActiveCfg = Debug|Any CPU
		{29A236A9-7C3F-4080-8A86-502CED96E67F}.Debug|x86.Build.0 = Debug|Any CPU
		{29A236A9-7C3F-4080-8A86-502CED96E67F}.DebugV1|Any CPU.ActiveCfg = Debug|Any CPU
		{29A236A9-7C3F-4080-8A86-502CED96E67F}.DebugV1|Any CPU.Build.0 = Debug|Any CPU
		{29A236A9-7C3F-4080-8A86-502CED96E67F}.DebugV1|VisualGDB.ActiveCfg = Debug|Any CPU
		{29A236A9-7C3F-4080-8A86-502CED96E67F}.DebugV1|VisualGDB.Build.0 = Debug|Any CPU
		{29A236A9-7C3F-4080-8A86-502CED96E67F}.DebugV1|x86.ActiveCfg = Debug|Any CPU
		{29A236A9-7C3F-4080-8A86-502CED96E67F}.DebugV1|x86.Build.0 = Debug|Any CPU
		{29A236A9-7C3F-4080-8A86-502CED96E67F}.Release|Any CPU.ActiveCfg = Release|Any CPU
		{29A236A9-7C3F-4080-8A86-502CED96E67F}.Release|Any CPU.Build.0 = Release|Any CPU
		{29A236A9-7C3F-4080-8A86-502CED96E67F}.Release|VisualGDB.ActiveCfg = Release|Any CPU
		{29A236A9-7C3F-4080-8A86-502CED96E67F}.Release|VisualGDB.Build.0 = Release|Any CPU
		{29A236A9-7C3F-4080-8A86-502CED96E67F}.Release|x86.ActiveCfg = Release|Any CPU
		{29A236A9-7C3F-4080-8A86-502CED96E67F}.Release|x86.Build.0 = Release|Any CPU
		{4B892756-B79C-43B1-9F35-C9385F629DFA}.Debug|Any CPU.ActiveCfg = Release|VisualGDB
		{4B892756-B79C-43B1-9F35-C9385F629DFA}.Debug|Any CPU.Build.0 = Release|VisualGDB
		{4B892756-B79C-43B1-9F35-C9385F629DFA}.Debug|VisualGDB.ActiveCfg = Release|VisualGDB
		{4B892756-B79C-43B1-9F35-C9385F629DFA}.Debug|VisualGDB.Build.0 = Release|VisualGDB
		{4B892756-B79C-43B1-9F35-C9385F629DFA}.Debug|x86.ActiveCfg = Release|VisualGDB
		{4B892756-B79C-43B1-9F35-C9385F629DFA}.Debug|x86.Build.0 = Release|VisualGDB
		{4B892756-B79C-43B1-9F35-C9385F629DFA}.DebugV1|Any CPU.ActiveCfg = Release|VisualGDB
		{4B892756-B79C-43B1-9F35-C9385F629DFA}.DebugV1|Any CPU.Build.0 = Release|VisualGDB
		{4B892756-B79C-43B1-9F35-C9385F629DFA}.DebugV1|VisualGDB.ActiveCfg = Release|VisualGDB
		{4B892756-B79C-43B1-9F35-C9385F629DFA}.DebugV1|VisualGDB.Build.0 = Release|VisualGDB
		{4B892756-B79C-43B1-9F35-C9385F629DFA}.DebugV1|x86.ActiveCfg = Release|VisualGDB
		{4B892756-B79C-43B1-9F35-C9385F629DFA}.DebugV1|x86.Build.0 = Release|VisualGDB
		{4B892756-B79C-43B1-9F35-C9385F629DFA}.Release|Any CPU.ActiveCfg = Release|VisualGDB
		{4B892756-B79C-43B1-9F35-C9385F629DFA}.Release|Any CPU.Build.0 = Release|VisualGDB
		{4B892756-B79C-43B1-9F35-C9385F629DFA}.Release|VisualGDB.ActiveCfg = Release|VisualGDB
		{4B892756-B79C-43B1-9F35-C9385F629DFA}.Release|VisualGDB.Build.0 = Release|VisualGDB
		{4B892756-B79C-43B1-9F35-C9385F629DFA}.Release|x86.ActiveCfg = Release|VisualGDB
		{4B892756-B79C-43B1-9F35-C9385F629DFA}.Release|x86.Build.0 = Release|VisualGDB
		{C7140E12-80C0-44FC-970D-31E32DD9360C}.Debug|Any CPU.ActiveCfg = Debug|VisualGDB
		{C7140E12-80C0-44FC-970D-31E32DD9360C}.Debug|Any CPU.Build.0 = Debug|VisualGDB
		{C7140E12-80C0-44FC-970D-31E32DD9360C}.Debug|VisualGDB.ActiveCfg = Release|VisualGDB
		{C7140E12-80C0-44FC-970D-31E32DD9360C}.Debug|VisualGDB.Build.0 = Release|VisualGDB
		{C7140E12-80C0-44FC-970D-31E32DD9360C}.Debug|x86.ActiveCfg = Debug|VisualGDB
		{C7140E12-80C0-44FC-970D-31E32DD9360C}.Debug|x86.Build.0 = Debug|VisualGDB
		{C7140E12-80C0-44FC-970D-31E32DD9360C}.DebugV1|Any CPU.ActiveCfg = Debug|VisualGDB
		{C7140E12-80C0-44FC-970D-31E32DD9360C}.DebugV1|Any CPU.Build.0 = Debug|VisualGDB
		{C7140E12-80C0-44FC-970D-31E32DD9360C}.DebugV1|VisualGDB.ActiveCfg = Release|VisualGDB
		{C7140E12-80C0-44FC-970D-31E32DD9360C}.DebugV1|VisualGDB.Build.0 = Release|VisualGDB
		{C7140E12-80C0-44FC-970D-31E32DD9360C}.DebugV1|x86.ActiveCfg = Debug|VisualGDB
		{C7140E12-80C0-44FC-970D-31E32DD9360C}.DebugV1|x86.Build.0 = Debug|VisualGDB
		{C7140E12-80C0-44FC-970D-31E32DD9360C}.Release|Any CPU.ActiveCfg = Release|VisualGDB
		{C7140E12-80C0-44FC-970D-31E32DD9360C}.Release|Any CPU.Build.0 = Release|VisualGDB
		{C7140E12-80C0-44FC-970D-31E32DD9360C}.Release|VisualGDB.ActiveCfg = Release|VisualGDB
		{C7140E12-80C0-44FC-970D-31E32DD9360C}.Release|VisualGDB.Build.0 = Release|VisualGDB
		{C7140E12-80C0-44FC-970D-31E32DD9360C}.Release|x86.ActiveCfg = Release|VisualGDB
		{C7140E12-80C0-44FC-970D-31E32DD9360C}.Release|x86.Build.0 = Release|VisualGDB
	EndGlobalSection
	GlobalSection(SolutionProperties) = preSolution
		HideSolutionNode = FALSE
	EndGlobalSection
	GlobalSection(NestedProjects) = preSolution
		{9449CD24-C5D5-5A4B-B4C9-CDF23F101D0E} = {CC289E3A-06A6-4AAC-B7DC-CF19FAF3AD95}
		{5F98BF9E-A628-4771-8AD1-DB9D040D3A8E} = {F3D7115E-9D7A-4742-910C-A2387D7CB066}
		{BDCCD7BE-48E2-4952-912C-36CC91E528DF} = {CC289E3A-06A6-4AAC-B7DC-CF19FAF3AD95}
		{F7DD67D4-145B-48C8-8298-35339C3B13CE} = {CC289E3A-06A6-4AAC-B7DC-CF19FAF3AD95}
		{CFD9FEAC-A9A2-49E3-911E-B785F56DB9C4} = {CC289E3A-06A6-4AAC-B7DC-CF19FAF3AD95}
		{4B892756-B79C-43B1-9F35-C9385F629DFA} = {F3D7115E-9D7A-4742-910C-A2387D7CB066}
		{C7140E12-80C0-44FC-970D-31E32DD9360C} = {745A3620-7B58-449E-A3F7-9FA99646372C}
	EndGlobalSection
	GlobalSection(ExtensibilityGlobals) = postSolution
		SolutionGuid = {1B2F583D-D9B6-4EB8-B17E-43CAFD812516}
	EndGlobalSection
EndGlobal
