<?xml version="1.0" encoding="utf-8"?>
<Project ToolsVersion="4.0" xmlns="http://schemas.microsoft.com/developer/msbuild/2003">
  <ItemGroup>
    <Filter Include="Source files">
      <UniqueIdentifier>{3bb25062-5d97-4c4d-b3cc-062236ad210d}</UniqueIdentifier>
      <Extensions>cpp;c;cc;cxx;def;odl;idl;hpj;bat;asm;asmx</Extensions>
    </Filter>
    <Filter Include="Header files">
      <UniqueIdentifier>{ddeac96c-af35-40e4-b2f2-98ca9b335604}</UniqueIdentifier>
      <Extensions>h;hpp;hxx;hm;inl;inc;xsd</Extensions>
    </Filter>
    <Filter Include="Resource files">
      <UniqueIdentifier>{1f53b312-40e9-45bb-8a0c-64d0a29262bb}</UniqueIdentifier>
      <Extensions>rc;ico;cur;bmp;dlg;rc2;rct;bin;rgs;gif;jpg;jpeg;jpe;resx;tiff;tif;png;wav</Extensions>
    </Filter>
    <Filter Include="Source files\Device-specific files">
      <UniqueIdentifier>{1101ba2c-1cf5-4cd4-a6b6-9825da91154e}</UniqueIdentifier>
    </Filter>
    <Filter Include="Header files\Device-specific files">
      <UniqueIdentifier>{c88cbed3-cd03-4d48-a2dd-51b0f621ecf7}</UniqueIdentifier>
    </Filter>
    <Filter Include="VisualGDB settings">
      <UniqueIdentifier>{9831c383-55c9-4511-b9dc-69c5de039606}</UniqueIdentifier>
    </Filter>
    <Filter Include="Header files\drivers">
      <UniqueIdentifier>{e165ab67-1782-4606-af6d-deca1ca37192}</UniqueIdentifier>
    </Filter>
    <Filter Include="Source files\drivers">
      <UniqueIdentifier>{9af63f93-83fe-4b4b-a569-385dfdaf85ad}</UniqueIdentifier>
    </Filter>
    <Filter Include="Source files\util">
      <UniqueIdentifier>{90a6d8e0-e3a2-4739-878d-88e677952144}</UniqueIdentifier>
    </Filter>
    <Filter Include="Header files\util">
      <UniqueIdentifier>{159741ae-6e4d-4bd4-a287-20503698fe3e}</UniqueIdentifier>
    </Filter>
    <Filter Include="Header files\Platform">
      <UniqueIdentifier>{a81e54c9-0683-4f81-904e-0bf5b65b89da}</UniqueIdentifier>
    </Filter>
    <Filter Include="Header files\FuncletsInterface">
      <UniqueIdentifier>{70298ffc-e793-4ec1-895a-ff39fcb3e4b5}</UniqueIdentifier>
    </Filter>
    <Filter Include="Header files\ui">
      <UniqueIdentifier>{5f21babc-b49d-4139-895a-418feee15c10}</UniqueIdentifier>
    </Filter>
    <Filter Include="Source files\ui">
      <UniqueIdentifier>{cc255adc-3a93-400c-92c8-b93ed8d7f2f2}</UniqueIdentifier>
    </Filter>
    <Filter Include="Docs">
      <UniqueIdentifier>{20a6a3ce-6838-4e1f-9b1f-64b2cf575d71}</UniqueIdentifier>
    </Filter>
  </ItemGroup>
  <ItemGroup>
    <None Include="stm32.props">
      <Filter>Source files\Device-specific files</Filter>
    </None>
    <ClCompile Include="$(BSP_ROOT)\STM32G4xxxx\StartupFiles\startup_stm32g431xx.c">
      <Filter>Source files\Device-specific files</Filter>
    </ClCompile>
    <None Include="target.nucleo-g431kb-Debug.vgdbsettings">
      <Filter>VisualGDB settings</Filter>
    </None>
    <None Include="target.nucleo-g431kb-Release.vgdbsettings">
      <Filter>VisualGDB settings</Filter>
    </None>
    <None Include="stm32.xml">
      <Filter>VisualGDB settings</Filter>
    </None>
    <None Include="..\.editorconfig" />
    <None Include="..\cpp.hint" />
    <None Include="..\Firmware.shared\docs\DevEnv.md">
      <Filter>Docs</Filter>
    </None>
    <None Include="..\Firmware.shared\docs\EEM-docs.md">
      <Filter>Docs</Filter>
    </None>
    <None Include="..\Firmware.shared\docs\Errata-Table.ods">
      <Filter>Docs</Filter>
    </None>
    <None Include="..\Firmware.shared\docs\fn_call.dot">
      <Filter>Docs</Filter>
    </None>
    <None Include="..\Firmware.shared\docs\TI-step-by-step.md">
      <Filter>Docs</Filter>
    </None>
  </ItemGroup>
  <ItemGroup>
    <LinkerScript Include="STM32G431KB_flash.lds" />
  </ItemGroup>
  <ItemGroup>
    <ClInclude Include="platform.h">
      <Filter>Header files\Platform</Filter>
    </ClInclude>
    <ClInclude Include="..\Firmware.shared\util\vector.h">
      <Filter>Header files\util</Filter>
    </ClInclude>
    <ClInclude Include="..\Firmware.shared\util\Breakpoints.h">
      <Filter>Header files\util</Filter>
    </ClInclude>
    <ClInclude Include="..\Firmware.shared\util\bytes.h">
      <Filter>Header files\util</Filter>
    </ClInclude>
    <ClInclude Include="..\Firmware.shared\util\ChipProfile.h">
      <Filter>Header files\util</Filter>
    </ClInclude>
    <ClInclude Include="..\Firmware.shared\util\crc32.h">
      <Filter>Header files\util</Filter>
    </ClInclude>
    <ClInclude Include="..\Firmware.shared\util\dis.h">
      <Filter>Header files\util</Filter>
    </ClInclude>
    <ClInclude Include="..\Firmware.shared\util\expr.h">
      <Filter>Header files\util</Filter>
    </ClInclude>
    <ClInclude Include="..\Firmware.shared\util\gdb_proto.h">
      <Filter>Header files\util</Filter>
    </ClInclude>
    <ClInclude Include="..\Firmware.shared\util\output_util.h">
      <Filter>Header files\util</Filter>
    </ClInclude>
    <ClInclude Include="..\Firmware.shared\util\parser.h">
      <Filter>Header files\util</Filter>
    </ClInclude>
    <ClInclude Include="..\Firmware.shared\util\TimDmaWave.h">
      <Filter>Header files\util</Filter>
    </ClInclude>
    <ClInclude Include="..\Firmware.shared\util\TmsAutoShaper.h">
      <Filter>Header files\util</Filter>
    </ClInclude>
    <ClInclude Include="..\Firmware.shared\util\util.h">
      <Filter>Header files\util</Filter>
    </ClInclude>
    <ClInclude Include="..\Firmware.shared\stdproj.h">
      <Filter>Header files</Filter>
    </ClInclude>
    <ClInclude Include="..\Firmware.shared\WaveSet.h">
      <Filter>Header files</Filter>
    </ClInclude>
    <ClInclude Include="..\Firmware.shared\ChipInfoDB.h">
      <Filter>Header files</Filter>
    </ClInclude>
    <ClInclude Include="..\Firmware.shared\drivers\eem_defs.h">
      <Filter>Header files\drivers</Filter>
    </ClInclude>
    <ClInclude Include="..\Firmware.shared\drivers\ITapDev.h">
      <Filter>Header files\drivers</Filter>
    </ClInclude>
    <ClInclude Include="..\Firmware.shared\drivers\JtagDev.h">
      <Filter>Header files\drivers</Filter>
    </ClInclude>
    <ClInclude Include="..\Firmware.shared\drivers\JtagId.h">
      <Filter>Header files\drivers</Filter>
    </ClInclude>
    <ClInclude Include="..\Firmware.shared\drivers\LedStates.h">
      <Filter>Header files\drivers</Filter>
    </ClInclude>
    <ClInclude Include="..\Firmware.shared\drivers\TapDev430.h">
      <Filter>Header files\drivers</Filter>
    </ClInclude>
    <ClInclude Include="..\Firmware.shared\drivers\TapDev430X.h">
      <Filter>Header files\drivers</Filter>
    </ClInclude>
    <ClInclude Include="..\Firmware.shared\drivers\TapDev430Xv2.h">
      <Filter>Header files\drivers</Filter>
    </ClInclude>
    <ClInclude Include="..\Firmware.shared\drivers\TapDev430Xv2_1377.h">
      <Filter>Header files\drivers</Filter>
    </ClInclude>
    <ClInclude Include="..\Firmware.shared\drivers\TapMcu.h">
      <Filter>Header files\drivers</Filter>
    </ClInclude>
    <ClInclude Include="..\Firmware.shared\drivers\TapPlayer.h">
      <Filter>Header files\drivers</Filter>
    </ClInclude>
    <ClInclude Include="..\Firmware.shared\drivers\BusStates.h">
      <Filter>Header files\drivers</Filter>
    </ClInclude>
    <ClInclude Include="..\Funclets\Interface\Interface.h">
      <Filter>Header files\FuncletsInterface</Filter>
    </ClInclude>
    <ClInclude Include="..\Firmware.shared\ui\cmddb.h">
      <Filter>Header files\ui</Filter>
    </ClInclude>
    <ClInclude Include="..\Firmware.shared\ui\devcmd.h">
      <Filter>Header files\ui</Filter>
    </ClInclude>
    <ClInclude Include="..\Firmware.shared\ui\gdb.h">
      <Filter>Header files\ui</Filter>
    </ClInclude>
    <ClInclude Include="..\Firmware.shared\ui\reader.h">
      <Filter>Header files\ui</Filter>
    </ClInclude>
    <ClInclude Include="..\Firmware.shared\ui\stdcmd.h">
      <Filter>Header files\ui</Filter>
    </ClInclude>
    <ClInclude Include="..\Firmware.shared\res\EmbeddedResources.h">
      <Filter>Resource files</Filter>
    </ClInclude>
    <ClInclude Include="..\Firmware.shared\util\SpiJtagDataShift.h">
      <Filter>Header files\util</Filter>
    </ClInclude>
  </ItemGroup>
  <ItemGroup>
    <ClCompile Include="..\Firmware.shared\util\vector.cpp">
      <Filter>Source files\util</Filter>
    </ClCompile>
    <ClCompile Include="..\Firmware.shared\util\Breakpoints.cpp">
      <Filter>Source files\util</Filter>
    </ClCompile>
    <ClCompile Include="..\Firmware.shared\util\ChipProfile.cpp">
      <Filter>Source files\util</Filter>
    </ClCompile>
    <ClCompile Include="..\Firmware.shared\util\crc32.cpp">
      <Filter>Source files\util</Filter>
    </ClCompile>
    <ClCompile Include="..\Firmware.shared\util\dis.cpp">
      <Filter>Source files\util</Filter>
    </ClCompile>
    <ClCompile Include="..\Firmware.shared\util\expr.cpp">
      <Filter>Source files\util</Filter>
    </ClCompile>
    <ClCompile Include="..\Firmware.shared\util\gdb_proto.cpp">
      <Filter>Source files\util</Filter>
    </ClCompile>
    <ClCompile Include="..\Firmware.shared\util\output_util.cpp">
      <Filter>Source files\util</Filter>
    </ClCompile>
    <ClCompile Include="..\Firmware.shared\util\parser.cpp">
      <Filter>Source files\util</Filter>
    </ClCompile>
    <ClCompile Include="..\Firmware.shared\util\util.cpp">
      <Filter>Source files\util</Filter>
    </ClCompile>
    <ClCompile Include="..\Firmware.shared\WaveSet.cpp">
      <Filter>Source files</Filter>
    </ClCompile>
    <ClCompile Include="..\Firmware.shared\main.cpp">
      <Filter>Source files</Filter>
    </ClCompile>
    <ClCompile Include="..\Firmware.shared\drivers\JtagDev.cpp">
      <Filter>Source files\drivers</Filter>
    </ClCompile>
    <ClCompile Include="..\Firmware.shared\drivers\JtagDev.spi.cpp">
      <Filter>Source files\drivers</Filter>
    </ClCompile>
    <ClCompile Include="..\Firmware.shared\drivers\TapDev430.cpp">
      <Filter>Source files\drivers</Filter>
    </ClCompile>
    <ClCompile Include="..\Firmware.shared\drivers\TapDev430X.cpp">
      <Filter>Source files\drivers</Filter>
    </ClCompile>
    <ClCompile Include="..\Firmware.shared\drivers\TapDev430Xv2.cpp">
      <Filter>Source files\drivers</Filter>
    </ClCompile>
    <ClCompile Include="..\Firmware.shared\drivers\TapDev430Xv2_1377.cpp">
      <Filter>Source files\drivers</Filter>
    </ClCompile>
    <ClCompile Include="..\Firmware.shared\drivers\TapMcu.cpp">
      <Filter>Source files\drivers</Filter>
    </ClCompile>
    <ClCompile Include="..\Firmware.shared\drivers\TapPlayer.cpp">
      <Filter>Source files\drivers</Filter>
    </ClCompile>
    <ClCompile Include="..\Firmware.shared\ui\cmddb.cpp">
      <Filter>Source files\ui</Filter>
    </ClCompile>
    <ClCompile Include="..\Firmware.shared\ui\devcmd.cpp">
      <Filter>Source files\ui</Filter>
    </ClCompile>
    <ClCompile Include="..\Firmware.shared\ui\gdb.cpp">
      <Filter>Source files\ui</Filter>
    </ClCompile>
    <ClCompile Include="..\Firmware.shared\ui\reader.cpp">
      <Filter>Source files\ui</Filter>
    </ClCompile>
    <ClCompile Include="..\Firmware.shared\ui\stdcmd.cpp">
      <Filter>Source files\ui</Filter>
    </ClCompile>
  </ItemGroup>
  <ItemGroup>
    <EmbeddedBinaryFile Include="..\Firmware.shared\res\EraseXv2.bin">
      <Filter>Resource files</Filter>
    </EmbeddedBinaryFile>
    <EmbeddedBinaryFile Include="..\Firmware.shared\res\WriteFlashXv2.bin">
      <Filter>Resource files</Filter>
    </EmbeddedBinaryFile>
  </ItemGroup>
</Project>