<?xml version="1.0" encoding="utf-8"?>
<Project ToolsVersion="4.0" xmlns="http://schemas.microsoft.com/developer/msbuild/2003">
  <ItemGroup>
    <Filter Include="Source files">
      <UniqueIdentifier>{db313e46-59ff-4d8d-afc0-43e64b6f69b3}</UniqueIdentifier>
      <Extensions>cpp;c;cc;cxx;def;odl;idl;hpj;bat;asm;asmx</Extensions>
    </Filter>
    <Filter Include="Header files">
      <UniqueIdentifier>{646c2dfa-2344-4ac4-83bf-95602c792020}</UniqueIdentifier>
      <Extensions>h;hpp;hxx;hm;inl;inc;xsd</Extensions>
    </Filter>
    <Filter Include="Resource files">
      <UniqueIdentifier>{fb910a88-3c67-4c55-84d0-07ec29834bce}</UniqueIdentifier>
      <Extensions>rc;ico;cur;bmp;dlg;rc2;rct;bin;rgs;gif;jpg;jpeg;jpe;resx;tiff;tif;png;wav</Extensions>
    </Filter>
    <Filter Include="Source files\Device-specific files">
      <UniqueIdentifier>{23286277-7ead-4881-b513-d0f33e9aaa63}</UniqueIdentifier>
    </Filter>
    <Filter Include="Header files\Device-specific files">
      <UniqueIdentifier>{5785b910-c643-47c6-88a9-b80feed3ed6f}</UniqueIdentifier>
    </Filter>
    <Filter Include="VisualGDB settings">
      <UniqueIdentifier>{8992fe85-2126-4b03-88da-f27953761fd5}</UniqueIdentifier>
    </Filter>
    <Filter Include="Header files\STM32F1">
      <UniqueIdentifier>{cc55e2e7-8e5e-4a53-8891-ab57a87304d6}</UniqueIdentifier>
    </Filter>
    <Filter Include="Header files\STM32L4">
      <UniqueIdentifier>{e904705e-2bab-4120-9530-f33f06b694ea}</UniqueIdentifier>
    </Filter>
  </ItemGroup>
  <ItemGroup>
    <None Include="stm32.props">
      <Filter>Source files\Device-specific files</Filter>
    </None>
    <None Include="bmt-Debug.vgdbsettings">
      <Filter>VisualGDB settings</Filter>
    </None>
    <None Include="bmt-Release.vgdbsettings">
      <Filter>VisualGDB settings</Filter>
    </None>
    <None Include="stm32.xml">
      <Filter>VisualGDB settings</Filter>
    </None>
  </ItemGroup>
  <ItemGroup>
    <ClInclude Include="clocks.h">
      <Filter>Header files</Filter>
    </ClInclude>
    <ClInclude Include="compiler.h">
      <Filter>Header files</Filter>
    </ClInclude>
    <ClInclude Include="exti.h">
      <Filter>Header files</Filter>
    </ClInclude>
    <ClInclude Include="gpio.h">
      <Filter>Header files</Filter>
    </ClInclude>
    <ClInclude Include="mcu-system.h">
      <Filter>Header files</Filter>
    </ClInclude>
    <ClInclude Include="otherlibs.h">
      <Filter>Header files</Filter>
    </ClInclude>
    <ClInclude Include="pinremap.h">
      <Filter>Header files</Filter>
    </ClInclude>
    <ClInclude Include="systick.h">
      <Filter>Header files</Filter>
    </ClInclude>
    <ClInclude Include="bmt.h">
      <Filter>Header files</Filter>
    </ClInclude>
    <ClInclude Include="critical_section.h">
      <Filter>Header files</Filter>
    </ClInclude>
    <ClInclude Include="irq.h">
      <Filter>Header files</Filter>
    </ClInclude>
    <ClInclude Include="tasks.h">
      <Filter>Header files</Filter>
    </ClInclude>
    <ClInclude Include="timer.h">
      <Filter>Header files</Filter>
    </ClInclude>
    <ClInclude Include="uart.h">
      <Filter>Header files</Filter>
    </ClInclude>
    <ClInclude Include="fifo.h">
      <Filter>Header files</Filter>
    </ClInclude>
    <ClInclude Include="stopwatch.h">
      <Filter>Header files</Filter>
    </ClInclude>
    <ClInclude Include="stream.h">
      <Filter>Header files</Filter>
    </ClInclude>
    <ClInclude Include="trace.h">
      <Filter>Header files</Filter>
    </ClInclude>
    <ClInclude Include="spi.h">
      <Filter>Header files</Filter>
    </ClInclude>
    <ClInclude Include="dma.h">
      <Filter>Header files</Filter>
    </ClInclude>
    <ClInclude Include="gpio-utils.h">
      <Filter>Header files</Filter>
    </ClInclude>
    <ClInclude Include="clocks.f1.h">
      <Filter>Header files\STM32F1</Filter>
    </ClInclude>
    <ClInclude Include="clocks.l4.h">
      <Filter>Header files\STM32L4</Filter>
    </ClInclude>
    <ClInclude Include="gpio.f1.h">
      <Filter>Header files\STM32F1</Filter>
    </ClInclude>
    <ClInclude Include="gpio.l4.h">
      <Filter>Header files\STM32L4</Filter>
    </ClInclude>
    <ClInclude Include="power.h">
      <Filter>Header files</Filter>
    </ClInclude>
  </ItemGroup>
  <ItemGroup>
    <ClCompile Include="tasks.cpp">
      <Filter>Source files</Filter>
    </ClCompile>
    <ClCompile Include="stream.cpp">
      <Filter>Source files</Filter>
    </ClCompile>
    <ClCompile Include="compile-test.cpp">
      <Filter>Source files</Filter>
    </ClCompile>
  </ItemGroup>
</Project>